
Microsoft Visual Studio Solution File, Format Version 12.00
# Visual Studio Version 17
VisualStudioVersion = 17.7.34024.191
MinimumVisualStudioVersion = 10.0.40219.1
Project("{FAE04EC0-301F-11D3-BF4B-00C04F79EFBC}") = "KASDLab13", "KASDLab13.csproj", "{46F8565B-B1B4-4488-891B-9CE0CCDED08E}"
EndProject
Global
	GlobalSection(SolutionConfigurationPlatforms) = preSolution
		Debug|Any CPU = Debug|Any CPU
		Release|Any CPU = Release|Any CPU
	EndGlobalSection
	GlobalSection(ProjectConfigurationPlatforms) = postSolution
		{46F8565B-B1B4-4488-891B-9CE0CCDED08E}.Debug|Any CPU.ActiveCfg = Debug|Any CPU
		{46F8565B-B1B4-4488-891B-9CE0CCDED08E}.Debug|Any CPU.Build.0 = Debug|Any CPU
		{46F8565B-B1B4-4488-891B-9CE0CCDED08E}.Release|Any CPU.ActiveCfg = Release|Any CPU
		{46F8565B-B1B4-4488-891B-9CE0CCDED08E}.Release|Any CPU.Build.0 = Release|Any CPU
	EndGlobalSection
	GlobalSection(SolutionProperties) = preSolution
		HideSolutionNode = FALSE
	EndGlobalSection
	GlobalSection(ExtensibilityGlobals) = postSolution
		SolutionGuid = {8F8B9972-A864-49F8-8636-409946DB8266}
	EndGlobalSection
EndGlobal
